
Microsoft Visual Studio Solution File, Format Version 12.00
# Visual Studio Version 16
VisualStudioVersion = 16.0.31911.196
MinimumVisualStudioVersion = 10.0.40219.1
Project("{FAE04EC0-301F-11D3-BF4B-00C04F79EFBC}") = "Daoxian", "Daoxian.csproj", "{0B8F39A9-320E-45E5-921C-E4E4DBEADE75}"
EndProject
Global
	GlobalSection(SolutionConfigurationPlatforms) = preSolution
		Debug|Any CPU = Debug|Any CPU
		Release|Any CPU = Release|Any CPU
	EndGlobalSection
	GlobalSection(ProjectConfigurationPlatforms) = postSolution
		{0B8F39A9-320E-45E5-921C-E4E4DBEADE75}.Debug|Any CPU.ActiveCfg = Debug|Any CPU
		{0B8F39A9-320E-45E5-921C-E4E4DBEADE75}.Debug|Any CPU.Build.0 = Debug|Any CPU
		{0B8F39A9-320E-45E5-921C-E4E4DBEADE75}.Release|Any CPU.ActiveCfg = Release|Any CPU
		{0B8F39A9-320E-45E5-921C-E4E4DBEADE75}.Release|Any CPU.Build.0 = Release|Any CPU
	EndGlobalSection
	GlobalSection(SolutionProperties) = preSolution
		HideSolutionNode = FALSE
	EndGlobalSection
	GlobalSection(ExtensibilityGlobals) = postSolution
		SolutionGuid = {763BE08D-8454-4179-A388-6B3DF4D64EB8}
	EndGlobalSection
EndGlobal
